
Microsoft Visual Studio Solution File, Format Version 12.00
Project("{FAE04EC0-301F-11D3-BF4B-00C04F79EFBC}") = "AoC2024_1", "AoC2024_1\AoC2024_1.csproj", "{74B6648C-0134-437E-9C14-E3C28E6ADBFA}"
EndProject
Project("{FAE04EC0-301F-11D3-BF4B-00C04F79EFBC}") = "AoC2024_2", "AoC2024_2\AoC2024_2.csproj", "{E82DCA32-CAD8-4C8D-A065-1812F5A1C81A}"
EndProject
Project("{FAE04EC0-301F-11D3-BF4B-00C04F79EFBC}") = "AoC2024_3", "AoC2024_3\AoC2024_3.csproj", "{C627039E-CBCB-4CF4-A720-C7B1CF153FAA}"
EndProject
Project("{FAE04EC0-301F-11D3-BF4B-00C04F79EFBC}") = "AoC2024_4", "AoC2024_4\AoC2024_4.csproj", "{68482B89-C246-460C-8333-523FD29B5362}"
EndProject
Project("{FAE04EC0-301F-11D3-BF4B-00C04F79EFBC}") = "AoC2024_5", "AoC2024_5\AoC2024_5.csproj", "{D66048C1-12D9-416A-895F-B8DB102C616F}"
EndProject
Project("{FAE04EC0-301F-11D3-BF4B-00C04F79EFBC}") = "AoC2024_6", "AoC2024_6\AoC2024_6.csproj", "{ACDC5AD5-92BB-4710-8E36-6229E6072E14}"
EndProject
Project("{FAE04EC0-301F-11D3-BF4B-00C04F79EFBC}") = "AoC2024_7", "AoC2024_7\AoC2024_7.csproj", "{B1BA5E95-12F5-4863-BA99-0E8851DCE6D7}"
EndProject
Project("{FAE04EC0-301F-11D3-BF4B-00C04F79EFBC}") = "AoC2024_8", "AoC2024_8\AoC2024_8.csproj", "{DA53911B-692D-46B3-A40F-56B8D75FF9B6}"
EndProject
Project("{FAE04EC0-301F-11D3-BF4B-00C04F79EFBC}") = "AoC2024_9", "AoC2024_9\AoC2024_9.csproj", "{FBCA5AC0-FFBD-4414-811A-83D1A066DF7C}"
EndProject
Global
	GlobalSection(SolutionConfigurationPlatforms) = preSolution
		Debug|Any CPU = Debug|Any CPU
		Release|Any CPU = Release|Any CPU
	EndGlobalSection
	GlobalSection(ProjectConfigurationPlatforms) = postSolution
		{74B6648C-0134-437E-9C14-E3C28E6ADBFA}.Debug|Any CPU.ActiveCfg = Debug|Any CPU
		{74B6648C-0134-437E-9C14-E3C28E6ADBFA}.Debug|Any CPU.Build.0 = Debug|Any CPU
		{74B6648C-0134-437E-9C14-E3C28E6ADBFA}.Release|Any CPU.ActiveCfg = Release|Any CPU
		{74B6648C-0134-437E-9C14-E3C28E6ADBFA}.Release|Any CPU.Build.0 = Release|Any CPU
		{E82DCA32-CAD8-4C8D-A065-1812F5A1C81A}.Debug|Any CPU.ActiveCfg = Debug|Any CPU
		{E82DCA32-CAD8-4C8D-A065-1812F5A1C81A}.Debug|Any CPU.Build.0 = Debug|Any CPU
		{E82DCA32-CAD8-4C8D-A065-1812F5A1C81A}.Release|Any CPU.ActiveCfg = Release|Any CPU
		{E82DCA32-CAD8-4C8D-A065-1812F5A1C81A}.Release|Any CPU.Build.0 = Release|Any CPU
		{C627039E-CBCB-4CF4-A720-C7B1CF153FAA}.Debug|Any CPU.ActiveCfg = Debug|Any CPU
		{C627039E-CBCB-4CF4-A720-C7B1CF153FAA}.Debug|Any CPU.Build.0 = Debug|Any CPU
		{C627039E-CBCB-4CF4-A720-C7B1CF153FAA}.Release|Any CPU.ActiveCfg = Release|Any CPU
		{C627039E-CBCB-4CF4-A720-C7B1CF153FAA}.Release|Any CPU.Build.0 = Release|Any CPU
		{68482B89-C246-460C-8333-523FD29B5362}.Debug|Any CPU.ActiveCfg = Debug|Any CPU
		{68482B89-C246-460C-8333-523FD29B5362}.Debug|Any CPU.Build.0 = Debug|Any CPU
		{68482B89-C246-460C-8333-523FD29B5362}.Release|Any CPU.ActiveCfg = Release|Any CPU
		{68482B89-C246-460C-8333-523FD29B5362}.Release|Any CPU.Build.0 = Release|Any CPU
		{D66048C1-12D9-416A-895F-B8DB102C616F}.Debug|Any CPU.ActiveCfg = Debug|Any CPU
		{D66048C1-12D9-416A-895F-B8DB102C616F}.Debug|Any CPU.Build.0 = Debug|Any CPU
		{D66048C1-12D9-416A-895F-B8DB102C616F}.Release|Any CPU.ActiveCfg = Release|Any CPU
		{D66048C1-12D9-416A-895F-B8DB102C616F}.Release|Any CPU.Build.0 = Release|Any CPU
		{ACDC5AD5-92BB-4710-8E36-6229E6072E14}.Debug|Any CPU.ActiveCfg = Debug|Any CPU
		{ACDC5AD5-92BB-4710-8E36-6229E6072E14}.Debug|Any CPU.Build.0 = Debug|Any CPU
		{ACDC5AD5-92BB-4710-8E36-6229E6072E14}.Release|Any CPU.ActiveCfg = Release|Any CPU
		{ACDC5AD5-92BB-4710-8E36-6229E6072E14}.Release|Any CPU.Build.0 = Release|Any CPU
		{B1BA5E95-12F5-4863-BA99-0E8851DCE6D7}.Debug|Any CPU.ActiveCfg = Debug|Any CPU
		{B1BA5E95-12F5-4863-BA99-0E8851DCE6D7}.Debug|Any CPU.Build.0 = Debug|Any CPU
		{B1BA5E95-12F5-4863-BA99-0E8851DCE6D7}.Release|Any CPU.ActiveCfg = Release|Any CPU
		{B1BA5E95-12F5-4863-BA99-0E8851DCE6D7}.Release|Any CPU.Build.0 = Release|Any CPU
		{DA53911B-692D-46B3-A40F-56B8D75FF9B6}.Debug|Any CPU.ActiveCfg = Debug|Any CPU
		{DA53911B-692D-46B3-A40F-56B8D75FF9B6}.Debug|Any CPU.Build.0 = Debug|Any CPU
		{DA53911B-692D-46B3-A40F-56B8D75FF9B6}.Release|Any CPU.ActiveCfg = Release|Any CPU
		{DA53911B-692D-46B3-A40F-56B8D75FF9B6}.Release|Any CPU.Build.0 = Release|Any CPU
		{FBCA5AC0-FFBD-4414-811A-83D1A066DF7C}.Debug|Any CPU.ActiveCfg = Debug|Any CPU
		{FBCA5AC0-FFBD-4414-811A-83D1A066DF7C}.Debug|Any CPU.Build.0 = Debug|Any CPU
		{FBCA5AC0-FFBD-4414-811A-83D1A066DF7C}.Release|Any CPU.ActiveCfg = Release|Any CPU
		{FBCA5AC0-FFBD-4414-811A-83D1A066DF7C}.Release|Any CPU.Build.0 = Release|Any CPU
	EndGlobalSection
EndGlobal
